// !$*UTF8*$!
{
	archiveVersion = 1;
	classes = {
	};
	objectVersion = 55;
	objects = {

/* Begin PBXBuildFile section */
		52AFB91328B8CC1400317001 /* QuestionBuilder.swift in Sources */ = {isa = PBXBuildFile; fileRef = 52AFB91228B8CC1400317001 /* QuestionBuilder.swift */; };
		52AFB91628B8CC1D00317001 /* AddRequestCell.swift in Sources */ = {isa = PBXBuildFile; fileRef = 52AFB91428B8CC1D00317001 /* AddRequestCell.swift */; };
		52AFB91728B8CC1D00317001 /* AddRequestCell.xib in Resources */ = {isa = PBXBuildFile; fileRef = 52AFB91528B8CC1D00317001 /* AddRequestCell.xib */; };
		52AFB91928B8CC2400317001 /* Observer.swift in Sources */ = {isa = PBXBuildFile; fileRef = 52AFB91828B8CC2400317001 /* Observer.swift */; };
		52AFB91B28B8CC2B00317001 /* GameSettings.swift in Sources */ = {isa = PBXBuildFile; fileRef = 52AFB91A28B8CC2B00317001 /* GameSettings.swift */; };
		52AFB91E28B8CC3200317001 /* GameRandom.swift in Sources */ = {isa = PBXBuildFile; fileRef = 52AFB91C28B8CC3200317001 /* GameRandom.swift */; };
		52AFB91F28B8CC3200317001 /* StepToStep.swift in Sources */ = {isa = PBXBuildFile; fileRef = 52AFB91D28B8CC3200317001 /* StepToStep.swift */; };
		52AFB92128B8CC5000317001 /* RecordsCaretaker.swift in Sources */ = {isa = PBXBuildFile; fileRef = 52AFB92028B8CC5000317001 /* RecordsCaretaker.swift */; };
		52AFB92328B8CC5A00317001 /* ResultCell.swift in Sources */ = {isa = PBXBuildFile; fileRef = 52AFB92228B8CC5A00317001 /* ResultCell.swift */; };
		52AFB92528B8CC6000317001 /* buttonStyle.swift in Sources */ = {isa = PBXBuildFile; fileRef = 52AFB92428B8CC6000317001 /* buttonStyle.swift */; };
		52AFB92E28B8CC6A00317001 /* GameDictonaryDelegate.swift in Sources */ = {isa = PBXBuildFile; fileRef = 52AFB92628B8CC6900317001 /* GameDictonaryDelegate.swift */; };
		52AFB92F28B8CC6A00317001 /* AlertDelegate.swift in Sources */ = {isa = PBXBuildFile; fileRef = 52AFB92728B8CC6900317001 /* AlertDelegate.swift */; };
		52AFB93028B8CC6A00317001 /* GameSettingsDelegate.swift in Sources */ = {isa = PBXBuildFile; fileRef = 52AFB92828B8CC6900317001 /* GameSettingsDelegate.swift */; };
		52AFB93128B8CC6A00317001 /* GameResult.swift in Sources */ = {isa = PBXBuildFile; fileRef = 52AFB92928B8CC6900317001 /* GameResult.swift */; };
		52AFB93228B8CC6A00317001 /* SaveNewRequestsDelegate.swift in Sources */ = {isa = PBXBuildFile; fileRef = 52AFB92A28B8CC6900317001 /* SaveNewRequestsDelegate.swift */; };
		52AFB93328B8CC6A00317001 /* GameRequestDelegate.swift in Sources */ = {isa = PBXBuildFile; fileRef = 52AFB92B28B8CC6900317001 /* GameRequestDelegate.swift */; };
		52AFB93428B8CC6A00317001 /* SendDictRequest.swift in Sources */ = {isa = PBXBuildFile; fileRef = 52AFB92C28B8CC6A00317001 /* SendDictRequest.swift */; };
		52AFB93528B8CC6A00317001 /* GameStrategy.swift in Sources */ = {isa = PBXBuildFile; fileRef = 52AFB92D28B8CC6A00317001 /* GameStrategy.swift */; };
		52AFB93728B8CC7A00317001 /* Game.swift in Sources */ = {isa = PBXBuildFile; fileRef = 52AFB93628B8CC7A00317001 /* Game.swift */; };
		52AFB93D28B8CC8300317001 /* GameSession.swift in Sources */ = {isa = PBXBuildFile; fileRef = 52AFB93828B8CC8200317001 /* GameSession.swift */; };
		52AFB93E28B8CC8300317001 /* QuestionModel.swift in Sources */ = {isa = PBXBuildFile; fileRef = 52AFB93928B8CC8200317001 /* QuestionModel.swift */; };
		52AFB93F28B8CC8300317001 /* ResultModel.swift in Sources */ = {isa = PBXBuildFile; fileRef = 52AFB93A28B8CC8200317001 /* ResultModel.swift */; };
		52AFB94028B8CC8300317001 /* SaveNewRequestModel.swift in Sources */ = {isa = PBXBuildFile; fileRef = 52AFB93B28B8CC8300317001 /* SaveNewRequestModel.swift */; };
		52AFB94128B8CC8300317001 /* NewRequestModel.swift in Sources */ = {isa = PBXBuildFile; fileRef = 52AFB93C28B8CC8300317001 /* NewRequestModel.swift */; };
		52AFB94428B8CC9800317001 /* ResultViewController.swift in Sources */ = {isa = PBXBuildFile; fileRef = 52AFB94228B8CC9800317001 /* ResultViewController.swift */; };
		52AFB94528B8CC9800317001 /* GameViewController.swift in Sources */ = {isa = PBXBuildFile; fileRef = 52AFB94328B8CC9800317001 /* GameViewController.swift */; };
		52AFB94828B8CCA000317001 /* AddQuestionViewController.swift in Sources */ = {isa = PBXBuildFile; fileRef = 52AFB94628B8CCA000317001 /* AddQuestionViewController.swift */; };
		52AFB94928B8CCA000317001 /* SettingsViewController.swift in Sources */ = {isa = PBXBuildFile; fileRef = 52AFB94728B8CCA000317001 /* SettingsViewController.swift */; };
		EC392057234DDAAB00582170 /* AppDelegate.swift in Sources */ = {isa = PBXBuildFile; fileRef = EC392056234DDAAB00582170 /* AppDelegate.swift */; };
		EC392059234DDAAB00582170 /* SceneDelegate.swift in Sources */ = {isa = PBXBuildFile; fileRef = EC392058234DDAAB00582170 /* SceneDelegate.swift */; };
		EC39205E234DDAAC00582170 /* Main.storyboard in Resources */ = {isa = PBXBuildFile; fileRef = EC39205C234DDAAC00582170 /* Main.storyboard */; };
		EC392060234DDAB000582170 /* Assets.xcassets in Resources */ = {isa = PBXBuildFile; fileRef = EC39205F234DDAB000582170 /* Assets.xcassets */; };
		EC392063234DDAB000582170 /* LaunchScreen.storyboard in Resources */ = {isa = PBXBuildFile; fileRef = EC392061234DDAB000582170 /* LaunchScreen.storyboard */; };
		EC39206C234DDB9100582170 /* MainViewController.swift in Sources */ = {isa = PBXBuildFile; fileRef = EC39206B234DDB9100582170 /* MainViewController.swift */; };
/* End PBXBuildFile section */

/* Begin PBXFileReference section */
		52AFB91228B8CC1400317001 /* QuestionBuilder.swift */ = {isa = PBXFileReference; fileEncoding = 4; lastKnownFileType = sourcecode.swift; path = QuestionBuilder.swift; sourceTree = "<group>"; };
		52AFB91428B8CC1D00317001 /* AddRequestCell.swift */ = {isa = PBXFileReference; fileEncoding = 4; lastKnownFileType = sourcecode.swift; path = AddRequestCell.swift; sourceTree = "<group>"; };
		52AFB91528B8CC1D00317001 /* AddRequestCell.xib */ = {isa = PBXFileReference; fileEncoding = 4; lastKnownFileType = file.xib; path = AddRequestCell.xib; sourceTree = "<group>"; };
		52AFB91828B8CC2400317001 /* Observer.swift */ = {isa = PBXFileReference; fileEncoding = 4; lastKnownFileType = sourcecode.swift; path = Observer.swift; sourceTree = "<group>"; };
		52AFB91A28B8CC2B00317001 /* GameSettings.swift */ = {isa = PBXFileReference; fileEncoding = 4; lastKnownFileType = sourcecode.swift; path = GameSettings.swift; sourceTree = "<group>"; };
		52AFB91C28B8CC3200317001 /* GameRandom.swift */ = {isa = PBXFileReference; fileEncoding = 4; lastKnownFileType = sourcecode.swift; path = GameRandom.swift; sourceTree = "<group>"; };
		52AFB91D28B8CC3200317001 /* StepToStep.swift */ = {isa = PBXFileReference; fileEncoding = 4; lastKnownFileType = sourcecode.swift; path = StepToStep.swift; sourceTree = "<group>"; };
		52AFB92028B8CC5000317001 /* RecordsCaretaker.swift */ = {isa = PBXFileReference; fileEncoding = 4; lastKnownFileType = sourcecode.swift; path = RecordsCaretaker.swift; sourceTree = "<group>"; };
		52AFB92228B8CC5A00317001 /* ResultCell.swift */ = {isa = PBXFileReference; fileEncoding = 4; lastKnownFileType = sourcecode.swift; path = ResultCell.swift; sourceTree = "<group>"; };
		52AFB92428B8CC6000317001 /* buttonStyle.swift */ = {isa = PBXFileReference; fileEncoding = 4; lastKnownFileType = sourcecode.swift; path = buttonStyle.swift; sourceTree = "<group>"; };
		52AFB92628B8CC6900317001 /* GameDictonaryDelegate.swift */ = {isa = PBXFileReference; fileEncoding = 4; lastKnownFileType = sourcecode.swift; path = GameDictonaryDelegate.swift; sourceTree = "<group>"; };
		52AFB92728B8CC6900317001 /* AlertDelegate.swift */ = {isa = PBXFileReference; fileEncoding = 4; lastKnownFileType = sourcecode.swift; path = AlertDelegate.swift; sourceTree = "<group>"; };
		52AFB92828B8CC6900317001 /* GameSettingsDelegate.swift */ = {isa = PBXFileReference; fileEncoding = 4; lastKnownFileType = sourcecode.swift; path = GameSettingsDelegate.swift; sourceTree = "<group>"; };
		52AFB92928B8CC6900317001 /* GameResult.swift */ = {isa = PBXFileReference; fileEncoding = 4; lastKnownFileType = sourcecode.swift; path = GameResult.swift; sourceTree = "<group>"; };
		52AFB92A28B8CC6900317001 /* SaveNewRequestsDelegate.swift */ = {isa = PBXFileReference; fileEncoding = 4; lastKnownFileType = sourcecode.swift; path = SaveNewRequestsDelegate.swift; sourceTree = "<group>"; };
		52AFB92B28B8CC6900317001 /* GameRequestDelegate.swift */ = {isa = PBXFileReference; fileEncoding = 4; lastKnownFileType = sourcecode.swift; path = GameRequestDelegate.swift; sourceTree = "<group>"; };
		52AFB92C28B8CC6A00317001 /* SendDictRequest.swift */ = {isa = PBXFileReference; fileEncoding = 4; lastKnownFileType = sourcecode.swift; path = SendDictRequest.swift; sourceTree = "<group>"; };
		52AFB92D28B8CC6A00317001 /* GameStrategy.swift */ = {isa = PBXFileReference; fileEncoding = 4; lastKnownFileType = sourcecode.swift; path = GameStrategy.swift; sourceTree = "<group>"; };
		52AFB93628B8CC7A00317001 /* Game.swift */ = {isa = PBXFileReference; fileEncoding = 4; lastKnownFileType = sourcecode.swift; path = Game.swift; sourceTree = "<group>"; };
		52AFB93828B8CC8200317001 /* GameSession.swift */ = {isa = PBXFileReference; fileEncoding = 4; lastKnownFileType = sourcecode.swift; path = GameSession.swift; sourceTree = "<group>"; };
		52AFB93928B8CC8200317001 /* QuestionModel.swift */ = {isa = PBXFileReference; fileEncoding = 4; lastKnownFileType = sourcecode.swift; path = QuestionModel.swift; sourceTree = "<group>"; };
		52AFB93A28B8CC8200317001 /* ResultModel.swift */ = {isa = PBXFileReference; fileEncoding = 4; lastKnownFileType = sourcecode.swift; path = ResultModel.swift; sourceTree = "<group>"; };
		52AFB93B28B8CC8300317001 /* SaveNewRequestModel.swift */ = {isa = PBXFileReference; fileEncoding = 4; lastKnownFileType = sourcecode.swift; path = SaveNewRequestModel.swift; sourceTree = "<group>"; };
		52AFB93C28B8CC8300317001 /* NewRequestModel.swift */ = {isa = PBXFileReference; fileEncoding = 4; lastKnownFileType = sourcecode.swift; path = NewRequestModel.swift; sourceTree = "<group>"; };
		52AFB94228B8CC9800317001 /* ResultViewController.swift */ = {isa = PBXFileReference; fileEncoding = 4; lastKnownFileType = sourcecode.swift; path = ResultViewController.swift; sourceTree = "<group>"; };
		52AFB94328B8CC9800317001 /* GameViewController.swift */ = {isa = PBXFileReference; fileEncoding = 4; lastKnownFileType = sourcecode.swift; path = GameViewController.swift; sourceTree = "<group>"; };
		52AFB94628B8CCA000317001 /* AddQuestionViewController.swift */ = {isa = PBXFileReference; fileEncoding = 4; lastKnownFileType = sourcecode.swift; path = AddQuestionViewController.swift; sourceTree = "<group>"; };
		52AFB94728B8CCA000317001 /* SettingsViewController.swift */ = {isa = PBXFileReference; fileEncoding = 4; lastKnownFileType = sourcecode.swift; path = SettingsViewController.swift; sourceTree = "<group>"; };
		EC392053234DDAAB00582170 /* WWTBaM.app */ = {isa = PBXFileReference; explicitFileType = wrapper.application; includeInIndex = 0; path = WWTBaM.app; sourceTree = BUILT_PRODUCTS_DIR; };
		EC392056234DDAAB00582170 /* AppDelegate.swift */ = {isa = PBXFileReference; lastKnownFileType = sourcecode.swift; path = AppDelegate.swift; sourceTree = "<group>"; };
		EC392058234DDAAB00582170 /* SceneDelegate.swift */ = {isa = PBXFileReference; lastKnownFileType = sourcecode.swift; path = SceneDelegate.swift; sourceTree = "<group>"; };
		EC39205D234DDAAC00582170 /* Base */ = {isa = PBXFileReference; lastKnownFileType = file.storyboard; name = Base; path = Base.lproj/Main.storyboard; sourceTree = "<group>"; };
		EC39205F234DDAB000582170 /* Assets.xcassets */ = {isa = PBXFileReference; lastKnownFileType = folder.assetcatalog; path = Assets.xcassets; sourceTree = "<group>"; };
		EC392062234DDAB000582170 /* Base */ = {isa = PBXFileReference; lastKnownFileType = file.storyboard; name = Base; path = Base.lproj/LaunchScreen.storyboard; sourceTree = "<group>"; };
		EC392064234DDAB000582170 /* Info.plist */ = {isa = PBXFileReference; lastKnownFileType = text.plist.xml; path = Info.plist; sourceTree = "<group>"; };
		EC39206B234DDB9100582170 /* MainViewController.swift */ = {isa = PBXFileReference; lastKnownFileType = sourcecode.swift; path = MainViewController.swift; sourceTree = "<group>"; };
/* End PBXFileReference section */

/* Begin PBXFrameworksBuildPhase section */
		EC392050234DDAAB00582170 /* Frameworks */ = {
			isa = PBXFrameworksBuildPhase;
			buildActionMask = 2147483647;
			files = (
			);
			runOnlyForDeploymentPostprocessing = 0;
		};
/* End PBXFrameworksBuildPhase section */

/* Begin PBXGroup section */
		52AFB90428B8CB9500317001 /* Storyboard */ = {
			isa = PBXGroup;
			children = (
				EC39205C234DDAAC00582170 /* Main.storyboard */,
				EC392061234DDAB000582170 /* LaunchScreen.storyboard */,
				EC39205F234DDAB000582170 /* Assets.xcassets */,
				EC392064234DDAB000582170 /* Info.plist */,
			);
			path = Storyboard;
			sourceTree = "<group>";
		};
		52AFB90528B8CB9E00317001 /* Controllers */ = {
			isa = PBXGroup;
			children = (
				52AFB94328B8CC9800317001 /* GameViewController.swift */,
				52AFB94228B8CC9800317001 /* ResultViewController.swift */,
				EC39206B234DDB9100582170 /* MainViewController.swift */,
				52AFB94628B8CCA000317001 /* AddQuestionViewController.swift */,
				52AFB94728B8CCA000317001 /* SettingsViewController.swift */,
			);
			path = Controllers;
			sourceTree = "<group>";
		};
		52AFB90628B8CBA100317001 /* DataModel */ = {
			isa = PBXGroup;
			children = (
				52AFB93828B8CC8200317001 /* GameSession.swift */,
				52AFB93C28B8CC8300317001 /* NewRequestModel.swift */,
				52AFB93928B8CC8200317001 /* QuestionModel.swift */,
				52AFB93A28B8CC8200317001 /* ResultModel.swift */,
				52AFB93B28B8CC8300317001 /* SaveNewRequestModel.swift */,
			);
			path = DataModel;
			sourceTree = "<group>";
		};
		52AFB90728B8CBA300317001 /* Singleton */ = {
			isa = PBXGroup;
			children = (
				52AFB93628B8CC7A00317001 /* Game.swift */,
			);
			path = Singleton;
			sourceTree = "<group>";
		};
		52AFB90828B8CBA600317001 /* Protocols */ = {
			isa = PBXGroup;
			children = (
				52AFB92728B8CC6900317001 /* AlertDelegate.swift */,
				52AFB92628B8CC6900317001 /* GameDictonaryDelegate.swift */,
				52AFB92B28B8CC6900317001 /* GameRequestDelegate.swift */,
				52AFB92928B8CC6900317001 /* GameResult.swift */,
				52AFB92828B8CC6900317001 /* GameSettingsDelegate.swift */,
				52AFB92D28B8CC6A00317001 /* GameStrategy.swift */,
				52AFB92A28B8CC6900317001 /* SaveNewRequestsDelegate.swift */,
				52AFB92C28B8CC6A00317001 /* SendDictRequest.swift */,
			);
			path = Protocols;
			sourceTree = "<group>";
		};
		52AFB90928B8CBA800317001 /* Style */ = {
			isa = PBXGroup;
			children = (
				52AFB92428B8CC6000317001 /* buttonStyle.swift */,
			);
			path = Style;
			sourceTree = "<group>";
		};
		52AFB90A28B8CBAB00317001 /* CellStyle */ = {
			isa = PBXGroup;
			children = (
				52AFB92228B8CC5A00317001 /* ResultCell.swift */,
			);
			path = CellStyle;
			sourceTree = "<group>";
		};
		52AFB90B28B8CBAE00317001 /* BackupData */ = {
			isa = PBXGroup;
			children = (
				52AFB92028B8CC5000317001 /* RecordsCaretaker.swift */,
			);
			path = BackupData;
			sourceTree = "<group>";
		};
		52AFB90C28B8CBB000317001 /* Delegates */ = {
			isa = PBXGroup;
			children = (
				EC392058234DDAAB00582170 /* SceneDelegate.swift */,
				EC392056234DDAAB00582170 /* AppDelegate.swift */,
			);
			path = Delegates;
			sourceTree = "<group>";
		};
		52AFB90D28B8CBB300317001 /* Scenario */ = {
			isa = PBXGroup;
			children = (
				52AFB91C28B8CC3200317001 /* GameRandom.swift */,
				52AFB91D28B8CC3200317001 /* StepToStep.swift */,
			);
			path = Scenario;
			sourceTree = "<group>";
		};
		52AFB90E28B8CBB500317001 /* Settings */ = {
			isa = PBXGroup;
			children = (
				52AFB91A28B8CC2B00317001 /* GameSettings.swift */,
			);
			path = Settings;
			sourceTree = "<group>";
		};
		52AFB90F28B8CBF800317001 /* Observer */ = {
			isa = PBXGroup;
			children = (
				52AFB91828B8CC2400317001 /* Observer.swift */,
			);
			path = Observer;
			sourceTree = "<group>";
		};
		52AFB91028B8CBFB00317001 /* PrototypeCells */ = {
			isa = PBXGroup;
			children = (
				52AFB91428B8CC1D00317001 /* AddRequestCell.swift */,
				52AFB91528B8CC1D00317001 /* AddRequestCell.xib */,
			);
			path = PrototypeCells;
			sourceTree = "<group>";
		};
		52AFB91128B8CBFE00317001 /* Builder */ = {
			isa = PBXGroup;
			children = (
				52AFB91228B8CC1400317001 /* QuestionBuilder.swift */,
			);
			path = Builder;
			sourceTree = "<group>";
		};
		EC39204A234DDAAB00582170 = {
			isa = PBXGroup;
			children = (
				EC392055234DDAAB00582170 /* WWTBaM */,
				EC392054234DDAAB00582170 /* Products */,
			);
			sourceTree = "<group>";
		};
		EC392054234DDAAB00582170 /* Products */ = {
			isa = PBXGroup;
			children = (
				EC392053234DDAAB00582170 /* WWTBaM.app */,
			);
			name = Products;
			sourceTree = "<group>";
		};
		EC392055234DDAAB00582170 /* WWTBaM */ = {
			isa = PBXGroup;
			children = (
				52AFB91128B8CBFE00317001 /* Builder */,
				52AFB91028B8CBFB00317001 /* PrototypeCells */,
				52AFB90F28B8CBF800317001 /* Observer */,
				52AFB90E28B8CBB500317001 /* Settings */,
				52AFB90D28B8CBB300317001 /* Scenario */,
				52AFB90C28B8CBB000317001 /* Delegates */,
				52AFB90B28B8CBAE00317001 /* BackupData */,
				52AFB90A28B8CBAB00317001 /* CellStyle */,
				52AFB90928B8CBA800317001 /* Style */,
				52AFB90828B8CBA600317001 /* Protocols */,
				52AFB90728B8CBA300317001 /* Singleton */,
				52AFB90628B8CBA100317001 /* DataModel */,
				52AFB90528B8CB9E00317001 /* Controllers */,
				52AFB90428B8CB9500317001 /* Storyboard */,
			);
			path = WWTBaM;
			sourceTree = "<group>";
		};
/* End PBXGroup section */

/* Begin PBXNativeTarget section */
		EC392052234DDAAB00582170 /* WWTBaM */ = {
			isa = PBXNativeTarget;
			buildConfigurationList = EC392067234DDAB000582170 /* Build configuration list for PBXNativeTarget "WWTBaM" */;
			buildPhases = (
				EC39204F234DDAAB00582170 /* Sources */,
				EC392050234DDAAB00582170 /* Frameworks */,
				EC392051234DDAAB00582170 /* Resources */,
			);
			buildRules = (
			);
			dependencies = (
			);
			name = WWTBaM;
			productName = Millioner;
			productReference = EC392053234DDAAB00582170 /* WWTBaM.app */;
			productType = "com.apple.product-type.application";
		};
/* End PBXNativeTarget section */

/* Begin PBXProject section */
		EC39204B234DDAAB00582170 /* Project object */ = {
			isa = PBXProject;
			attributes = {
				LastSwiftUpdateCheck = 1110;
				LastUpgradeCheck = 1330;
				ORGANIZATIONNAME = "Anton Fomkin";
				TargetAttributes = {
					EC392052234DDAAB00582170 = {
						CreatedOnToolsVersion = 11.1;
					};
				};
			};
			buildConfigurationList = EC39204E234DDAAB00582170 /* Build configuration list for PBXProject "WWTBaM" */;
			compatibilityVersion = "Xcode 13.0";
			developmentRegion = en;
			hasScannedForEncodings = 0;
			knownRegions = (
				en,
				Base,
			);
			mainGroup = EC39204A234DDAAB00582170;
			productRefGroup = EC392054234DDAAB00582170 /* Products */;
			projectDirPath = "";
			projectRoot = "";
			targets = (
				EC392052234DDAAB00582170 /* WWTBaM */,
			);
		};
/* End PBXProject section */

/* Begin PBXResourcesBuildPhase section */
		EC392051234DDAAB00582170 /* Resources */ = {
			isa = PBXResourcesBuildPhase;
			buildActionMask = 2147483647;
			files = (
				EC392063234DDAB000582170 /* LaunchScreen.storyboard in Resources */,
				52AFB91728B8CC1D00317001 /* AddRequestCell.xib in Resources */,
				EC392060234DDAB000582170 /* Assets.xcassets in Resources */,
				EC39205E234DDAAC00582170 /* Main.storyboard in Resources */,
			);
			runOnlyForDeploymentPostprocessing = 0;
		};
/* End PBXResourcesBuildPhase section */

/* Begin PBXSourcesBuildPhase section */
		EC39204F234DDAAB00582170 /* Sources */ = {
			isa = PBXSourcesBuildPhase;
			buildActionMask = 2147483647;
			files = (
				52AFB94528B8CC9800317001 /* GameViewController.swift in Sources */,
				52AFB93D28B8CC8300317001 /* GameSession.swift in Sources */,
				52AFB94028B8CC8300317001 /* SaveNewRequestModel.swift in Sources */,
				EC392057234DDAAB00582170 /* AppDelegate.swift in Sources */,
				52AFB92528B8CC6000317001 /* buttonStyle.swift in Sources */,
				52AFB91928B8CC2400317001 /* Observer.swift in Sources */,
				52AFB92E28B8CC6A00317001 /* GameDictonaryDelegate.swift in Sources */,
				52AFB93128B8CC6A00317001 /* GameResult.swift in Sources */,
				52AFB93228B8CC6A00317001 /* SaveNewRequestsDelegate.swift in Sources */,
				52AFB93328B8CC6A00317001 /* GameRequestDelegate.swift in Sources */,
				52AFB91F28B8CC3200317001 /* StepToStep.swift in Sources */,
				52AFB94128B8CC8300317001 /* NewRequestModel.swift in Sources */,
				52AFB91628B8CC1D00317001 /* AddRequestCell.swift in Sources */,
				52AFB92328B8CC5A00317001 /* ResultCell.swift in Sources */,
				EC392059234DDAAB00582170 /* SceneDelegate.swift in Sources */,
				52AFB93428B8CC6A00317001 /* SendDictRequest.swift in Sources */,
				EC39206C234DDB9100582170 /* MainViewController.swift in Sources */,
				52AFB91328B8CC1400317001 /* QuestionBuilder.swift in Sources */,
				52AFB93528B8CC6A00317001 /* GameStrategy.swift in Sources */,
				52AFB94828B8CCA000317001 /* AddQuestionViewController.swift in Sources */,
				52AFB91E28B8CC3200317001 /* GameRandom.swift in Sources */,
				52AFB93728B8CC7A00317001 /* Game.swift in Sources */,
				52AFB93E28B8CC8300317001 /* QuestionModel.swift in Sources */,
				52AFB94928B8CCA000317001 /* SettingsViewController.swift in Sources */,
				52AFB93028B8CC6A00317001 /* GameSettingsDelegate.swift in Sources */,
				52AFB93F28B8CC8300317001 /* ResultModel.swift in Sources */,
				52AFB91B28B8CC2B00317001 /* GameSettings.swift in Sources */,
				52AFB92128B8CC5000317001 /* RecordsCaretaker.swift in Sources */,
				52AFB92F28B8CC6A00317001 /* AlertDelegate.swift in Sources */,
				52AFB94428B8CC9800317001 /* ResultViewController.swift in Sources */,
			);
			runOnlyForDeploymentPostprocessing = 0;
		};
/* End PBXSourcesBuildPhase section */

/* Begin PBXVariantGroup section */
		EC39205C234DDAAC00582170 /* Main.storyboard */ = {
			isa = PBXVariantGroup;
			children = (
				EC39205D234DDAAC00582170 /* Base */,
			);
			name = Main.storyboard;
			sourceTree = "<group>";
		};
		EC392061234DDAB000582170 /* LaunchScreen.storyboard */ = {
			isa = PBXVariantGroup;
			children = (
				EC392062234DDAB000582170 /* Base */,
			);
			name = LaunchScreen.storyboard;
			sourceTree = "<group>";
		};
/* End PBXVariantGroup section */

/* Begin XCBuildConfiguration section */
		EC392065234DDAB000582170 /* Debug */ = {
			isa = XCBuildConfiguration;
			buildSettings = {
				ALWAYS_SEARCH_USER_PATHS = NO;
				CLANG_ANALYZER_NONNULL = YES;
				CLANG_ANALYZER_NUMBER_OBJECT_CONVERSION = YES_AGGRESSIVE;
				CLANG_CXX_LANGUAGE_STANDARD = "gnu++14";
				CLANG_CXX_LIBRARY = "libc++";
				CLANG_ENABLE_MODULES = YES;
				CLANG_ENABLE_OBJC_ARC = YES;
				CLANG_ENABLE_OBJC_WEAK = YES;
				CLANG_WARN_BLOCK_CAPTURE_AUTORELEASING = YES;
				CLANG_WARN_BOOL_CONVERSION = YES;
				CLANG_WARN_COMMA = YES;
				CLANG_WARN_CONSTANT_CONVERSION = YES;
				CLANG_WARN_DEPRECATED_OBJC_IMPLEMENTATIONS = YES;
				CLANG_WARN_DIRECT_OBJC_ISA_USAGE = YES_ERROR;
				CLANG_WARN_DOCUMENTATION_COMMENTS = YES;
				CLANG_WARN_EMPTY_BODY = YES;
				CLANG_WARN_ENUM_CONVERSION = YES;
				CLANG_WARN_INFINITE_RECURSION = YES;
				CLANG_WARN_INT_CONVERSION = YES;
				CLANG_WARN_NON_LITERAL_NULL_CONVERSION = YES;
				CLANG_WARN_OBJC_IMPLICIT_RETAIN_SELF = YES;
				CLANG_WARN_OBJC_LITERAL_CONVERSION = YES;
				CLANG_WARN_OBJC_ROOT_CLASS = YES_ERROR;
				CLANG_WARN_QUOTED_INCLUDE_IN_FRAMEWORK_HEADER = YES;
				CLANG_WARN_RANGE_LOOP_ANALYSIS = YES;
				CLANG_WARN_STRICT_PROTOTYPES = YES;
				CLANG_WARN_SUSPICIOUS_MOVE = YES;
				CLANG_WARN_UNGUARDED_AVAILABILITY = YES_AGGRESSIVE;
				CLANG_WARN_UNREACHABLE_CODE = YES;
				CLANG_WARN__DUPLICATE_METHOD_MATCH = YES;
				COPY_PHASE_STRIP = NO;
				DEBUG_INFORMATION_FORMAT = dwarf;
				ENABLE_STRICT_OBJC_MSGSEND = YES;
				ENABLE_TESTABILITY = YES;
				GCC_C_LANGUAGE_STANDARD = gnu11;
				GCC_DYNAMIC_NO_PIC = NO;
				GCC_NO_COMMON_BLOCKS = YES;
				GCC_OPTIMIZATION_LEVEL = 0;
				GCC_PREPROCESSOR_DEFINITIONS = (
					"DEBUG=1",
					"$(inherited)",
				);
				GCC_WARN_64_TO_32_BIT_CONVERSION = YES;
				GCC_WARN_ABOUT_RETURN_TYPE = YES_ERROR;
				GCC_WARN_UNDECLARED_SELECTOR = YES;
				GCC_WARN_UNINITIALIZED_AUTOS = YES_AGGRESSIVE;
				GCC_WARN_UNUSED_FUNCTION = YES;
				GCC_WARN_UNUSED_VARIABLE = YES;
				IPHONEOS_DEPLOYMENT_TARGET = 13.1;
				MTL_ENABLE_DEBUG_INFO = INCLUDE_SOURCE;
				MTL_FAST_MATH = YES;
				ONLY_ACTIVE_ARCH = YES;
				SDKROOT = iphoneos;
				SWIFT_ACTIVE_COMPILATION_CONDITIONS = DEBUG;
				SWIFT_OPTIMIZATION_LEVEL = "-Onone";
			};
			name = Debug;
		};
		EC392066234DDAB000582170 /* Release */ = {
			isa = XCBuildConfiguration;
			buildSettings = {
				ALWAYS_SEARCH_USER_PATHS = NO;
				CLANG_ANALYZER_NONNULL = YES;
				CLANG_ANALYZER_NUMBER_OBJECT_CONVERSION = YES_AGGRESSIVE;
				CLANG_CXX_LANGUAGE_STANDARD = "gnu++14";
				CLANG_CXX_LIBRARY = "libc++";
				CLANG_ENABLE_MODULES = YES;
				CLANG_ENABLE_OBJC_ARC = YES;
				CLANG_ENABLE_OBJC_WEAK = YES;
				CLANG_WARN_BLOCK_CAPTURE_AUTORELEASING = YES;
				CLANG_WARN_BOOL_CONVERSION = YES;
				CLANG_WARN_COMMA = YES;
				CLANG_WARN_CONSTANT_CONVERSION = YES;
				CLANG_WARN_DEPRECATED_OBJC_IMPLEMENTATIONS = YES;
				CLANG_WARN_DIRECT_OBJC_ISA_USAGE = YES_ERROR;
				CLANG_WARN_DOCUMENTATION_COMMENTS = YES;
				CLANG_WARN_EMPTY_BODY = YES;
				CLANG_WARN_ENUM_CONVERSION = YES;
				CLANG_WARN_INFINITE_RECURSION = YES;
				CLANG_WARN_INT_CONVERSION = YES;
				CLANG_WARN_NON_LITERAL_NULL_CONVERSION = YES;
				CLANG_WARN_OBJC_IMPLICIT_RETAIN_SELF = YES;
				CLANG_WARN_OBJC_LITERAL_CONVERSION = YES;
				CLANG_WARN_OBJC_ROOT_CLASS = YES_ERROR;
				CLANG_WARN_QUOTED_INCLUDE_IN_FRAMEWORK_HEADER = YES;
				CLANG_WARN_RANGE_LOOP_ANALYSIS = YES;
				CLANG_WARN_STRICT_PROTOTYPES = YES;
				CLANG_WARN_SUSPICIOUS_MOVE = YES;
				CLANG_WARN_UNGUARDED_AVAILABILITY = YES_AGGRESSIVE;
				CLANG_WARN_UNREACHABLE_CODE = YES;
				CLANG_WARN__DUPLICATE_METHOD_MATCH = YES;
				COPY_PHASE_STRIP = NO;
				DEBUG_INFORMATION_FORMAT = "dwarf-with-dsym";
				ENABLE_NS_ASSERTIONS = NO;
				ENABLE_STRICT_OBJC_MSGSEND = YES;
				GCC_C_LANGUAGE_STANDARD = gnu11;
				GCC_NO_COMMON_BLOCKS = YES;
				GCC_WARN_64_TO_32_BIT_CONVERSION = YES;
				GCC_WARN_ABOUT_RETURN_TYPE = YES_ERROR;
				GCC_WARN_UNDECLARED_SELECTOR = YES;
				GCC_WARN_UNINITIALIZED_AUTOS = YES_AGGRESSIVE;
				GCC_WARN_UNUSED_FUNCTION = YES;
				GCC_WARN_UNUSED_VARIABLE = YES;
				IPHONEOS_DEPLOYMENT_TARGET = 13.1;
				MTL_ENABLE_DEBUG_INFO = NO;
				MTL_FAST_MATH = YES;
				SDKROOT = iphoneos;
				SWIFT_COMPILATION_MODE = wholemodule;
				SWIFT_OPTIMIZATION_LEVEL = "-O";
				VALIDATE_PRODUCT = YES;
			};
			name = Release;
		};
		EC392068234DDAB000582170 /* Debug */ = {
			isa = XCBuildConfiguration;
			buildSettings = {
				ASSETCATALOG_COMPILER_APPICON_NAME = AppIcon;
				CODE_SIGN_STYLE = Automatic;
				DEVELOPMENT_TEAM = XN59RM2582;
				INFOPLIST_FILE = "$(SRCROOT)/WWTBaM/Storyboard/Info.plist";
				LD_RUNPATH_SEARCH_PATHS = (
					"$(inherited)",
					"@executable_path/Frameworks",
				);
				PRODUCT_BUNDLE_IDENTIFIER = Anthony.WWTBaM;
				PRODUCT_NAME = "$(TARGET_NAME)";
				SWIFT_VERSION = 5.0;
				TARGETED_DEVICE_FAMILY = "1,2";
			};
			name = Debug;
		};
		EC392069234DDAB000582170 /* Release */ = {
			isa = XCBuildConfiguration;
			buildSettings = {
				ASSETCATALOG_COMPILER_APPICON_NAME = AppIcon;
				CODE_SIGN_STYLE = Automatic;
				DEVELOPMENT_TEAM = XN59RM2582;
				INFOPLIST_FILE = "$(SRCROOT)/WWTBaM/Storyboard/Info.plist";
				LD_RUNPATH_SEARCH_PATHS = (
					"$(inherited)",
					"@executable_path/Frameworks",
				);
				PRODUCT_BUNDLE_IDENTIFIER = Anthony.WWTBaM;
				PRODUCT_NAME = "$(TARGET_NAME)";
				SWIFT_VERSION = 5.0;
				TARGETED_DEVICE_FAMILY = "1,2";
			};
			name = Release;
		};
/* End XCBuildConfiguration section */

/* Begin XCConfigurationList section */
		EC39204E234DDAAB00582170 /* Build configuration list for PBXProject "WWTBaM" */ = {
			isa = XCConfigurationList;
			buildConfigurations = (
				EC392065234DDAB000582170 /* Debug */,
				EC392066234DDAB000582170 /* Release */,
			);
			defaultConfigurationIsVisible = 0;
			defaultConfigurationName = Release;
		};
		EC392067234DDAB000582170 /* Build configuration list for PBXNativeTarget "WWTBaM" */ = {
			isa = XCConfigurationList;
			buildConfigurations = (
				EC392068234DDAB000582170 /* Debug */,
				EC392069234DDAB000582170 /* Release */,
			);
			defaultConfigurationIsVisible = 0;
			defaultConfigurationName = Release;
		};
/* End XCConfigurationList section */
	};
	rootObject = EC39204B234DDAAB00582170 /* Project object */;
}
